
Microsoft Visual Studio Solution File, Format Version 12.00
# Visual Studio 2012
Project("{D954291E-2A0B-460D-934E-DC6B0785DB48}") = "AmplSample", "AmplSample\AmplSample.shproj", "{6A0FA2CE-8D33-4C91-982E-E8209124C4D0}"
EndProject
Project("{FAE04EC0-301F-11D3-BF4B-00C04F79EFBC}") = "AmplSample.iOS", "iOS\AmplSample.iOS.csproj", "{53E864D4-FE91-425D-81A9-A38F613030A3}"
EndProject
Global
	GlobalSection(SolutionConfigurationPlatforms) = preSolution
		Debug|iPhoneSimulator = Debug|iPhoneSimulator
		Release|iPhone = Release|iPhone
		Release|iPhoneSimulator = Release|iPhoneSimulator
		Debug|iPhone = Debug|iPhone
		Debug|Any CPU = Debug|Any CPU
		Release|Any CPU = Release|Any CPU
	EndGlobalSection
	GlobalSection(ProjectConfigurationPlatforms) = postSolution
		{53E864D4-FE91-425D-81A9-A38F613030A3}.Debug|Any CPU.ActiveCfg = Debug|iPhoneSimulator
		{53E864D4-FE91-425D-81A9-A38F613030A3}.Debug|Any CPU.Build.0 = Debug|iPhoneSimulator
		{53E864D4-FE91-425D-81A9-A38F613030A3}.Debug|iPhone.ActiveCfg = Debug|iPhone
		{53E864D4-FE91-425D-81A9-A38F613030A3}.Debug|iPhone.Build.0 = Debug|iPhone
		{53E864D4-FE91-425D-81A9-A38F613030A3}.Debug|iPhoneSimulator.ActiveCfg = Debug|iPhoneSimulator
		{53E864D4-FE91-425D-81A9-A38F613030A3}.Debug|iPhoneSimulator.Build.0 = Debug|iPhoneSimulator
		{53E864D4-FE91-425D-81A9-A38F613030A3}.Release|Any CPU.ActiveCfg = Release|iPhone
		{53E864D4-FE91-425D-81A9-A38F613030A3}.Release|Any CPU.Build.0 = Release|iPhone
		{53E864D4-FE91-425D-81A9-A38F613030A3}.Release|iPhone.ActiveCfg = Release|iPhone
		{53E864D4-FE91-425D-81A9-A38F613030A3}.Release|iPhone.Build.0 = Release|iPhone
		{53E864D4-FE91-425D-81A9-A38F613030A3}.Release|iPhoneSimulator.ActiveCfg = Release|iPhoneSimulator
		{53E864D4-FE91-425D-81A9-A38F613030A3}.Release|iPhoneSimulator.Build.0 = Release|iPhoneSimulator
	EndGlobalSection
EndGlobal
